
Microsoft Visual Studio Solution File, Format Version 12.00
# Visual Studio Version 17
VisualStudioVersion = 17.3.32811.315
MinimumVisualStudioVersion = 10.0.40219.1
Project("{FAE04EC0-301F-11D3-BF4B-00C04F79EFBC}") = "StudentData_Project115", "StudentData_Project115.csproj", "{64AE1F48-1D67-4EF8-81F6-87D081A02544}"
EndProject
Global
	GlobalSection(SolutionConfigurationPlatforms) = preSolution
		Debug|Any CPU = Debug|Any CPU
		Release|Any CPU = Release|Any CPU
	EndGlobalSection
	GlobalSection(ProjectConfigurationPlatforms) = postSolution
		{64AE1F48-1D67-4EF8-81F6-87D081A02544}.Debug|Any CPU.ActiveCfg = Debug|Any CPU
		{64AE1F48-1D67-4EF8-81F6-87D081A02544}.Debug|Any CPU.Build.0 = Debug|Any CPU
		{64AE1F48-1D67-4EF8-81F6-87D081A02544}.Release|Any CPU.ActiveCfg = Release|Any CPU
		{64AE1F48-1D67-4EF8-81F6-87D081A02544}.Release|Any CPU.Build.0 = Release|Any CPU
	EndGlobalSection
	GlobalSection(SolutionProperties) = preSolution
		HideSolutionNode = FALSE
	EndGlobalSection
	GlobalSection(ExtensibilityGlobals) = postSolution
		SolutionGuid = {AE8C05C1-C3AB-4EBF-8EAB-173149C18549}
	EndGlobalSection
EndGlobal
